
Microsoft Visual Studio Solution File, Format Version 12.00
# Visual Studio 15
VisualStudioVersion = 15.0.28307.102
MinimumVisualStudioVersion = 10.0.40219.1
Project("{6EC3EE1D-3C4E-46DD-8F32-0CC8E7565705}") = "Cana.Base", "Cana.Base\Cana.Base.fsproj", "{D3CA531B-F169-47E9-B9E2-3DFE62E3BAEA}"
EndProject
Project("{6EC3EE1D-3C4E-46DD-8F32-0CC8E7565705}") = "Cana.IR", "Cana.IR\Cana.IR.fsproj", "{C5BC1C22-17DE-4EEA-AD31-149A64A33C7D}"
EndProject
Project("{6EC3EE1D-3C4E-46DD-8F32-0CC8E7565705}") = "Cana.Tests", "Cana.Tests\Cana.Tests.fsproj", "{E96C2529-7B52-4214-9558-BEA0D58F4D24}"
EndProject
Project("{6EC3EE1D-3C4E-46DD-8F32-0CC8E7565705}") = "Cana.News.Reddit", "Cana.News.Reddit\Cana.News.Reddit.fsproj", "{7DEAD5AB-E5E1-4BEF-B430-718FAB1C6885}"
EndProject
Project("{F2A71F9B-5D33-465A-A702-920D77279786}") = "Cana.Logger.Serilog", "Cana.Logger.Serilog\Cana.Logger.Serilog.fsproj", "{BF03EB16-7AE5-41FC-A25C-A0A14D977272}"
EndProject
Project("{2150E333-8FDC-42A3-9474-1A3956D46DE8}") = "Solution Items", "Solution Items", "{F589C8C5-A411-4679-B530-FDCB38F4278E}"
	ProjectSection(SolutionItems) = preProject
		paket.dependencies = paket.dependencies
	EndProjectSection
EndProject

Global
	GlobalSection(SolutionConfigurationPlatforms) = preSolution
		Debug|Any CPU = Debug|Any CPU
		Release|Any CPU = Release|Any CPU
	EndGlobalSection
	GlobalSection(ProjectConfigurationPlatforms) = postSolution
		{C5BC1C22-17DE-4EEA-AD31-149A64A33C7D}.Debug|Any CPU.ActiveCfg = Debug|Any CPU
		{C5BC1C22-17DE-4EEA-AD31-149A64A33C7D}.Debug|Any CPU.Build.0 = Debug|Any CPU
		{C5BC1C22-17DE-4EEA-AD31-149A64A33C7D}.Release|Any CPU.ActiveCfg = Release|Any CPU
		{C5BC1C22-17DE-4EEA-AD31-149A64A33C7D}.Release|Any CPU.Build.0 = Release|Any CPU
		{D3CA531B-F169-47E9-B9E2-3DFE62E3BAEA}.Debug|Any CPU.ActiveCfg = Debug|Any CPU
		{D3CA531B-F169-47E9-B9E2-3DFE62E3BAEA}.Debug|Any CPU.Build.0 = Debug|Any CPU
		{D3CA531B-F169-47E9-B9E2-3DFE62E3BAEA}.Release|Any CPU.ActiveCfg = Release|Any CPU
		{D3CA531B-F169-47E9-B9E2-3DFE62E3BAEA}.Release|Any CPU.Build.0 = Release|Any CPU
		{E96C2529-7B52-4214-9558-BEA0D58F4D24}.Debug|Any CPU.ActiveCfg = Debug|Any CPU
		{E96C2529-7B52-4214-9558-BEA0D58F4D24}.Debug|Any CPU.Build.0 = Debug|Any CPU
		{E96C2529-7B52-4214-9558-BEA0D58F4D24}.Release|Any CPU.ActiveCfg = Release|Any CPU
		{E96C2529-7B52-4214-9558-BEA0D58F4D24}.Release|Any CPU.Build.0 = Release|Any CPU
		{7DEAD5AB-E5E1-4BEF-B430-718FAB1C6885}.Debug|Any CPU.ActiveCfg = Debug|Any CPU
		{7DEAD5AB-E5E1-4BEF-B430-718FAB1C6885}.Debug|Any CPU.Build.0 = Debug|Any CPU
		{7DEAD5AB-E5E1-4BEF-B430-718FAB1C6885}.Release|Any CPU.ActiveCfg = Release|Any CPU
		{7DEAD5AB-E5E1-4BEF-B430-718FAB1C6885}.Release|Any CPU.Build.0 = Release|Any CPU
		{BF03EB16-7AE5-41FC-A25C-A0A14D977272}.Debug|Any CPU.ActiveCfg = Debug|Any CPU
		{BF03EB16-7AE5-41FC-A25C-A0A14D977272}.Debug|Any CPU.Build.0 = Debug|Any CPU
		{BF03EB16-7AE5-41FC-A25C-A0A14D977272}.Release|Any CPU.ActiveCfg = Release|Any CPU
		{BF03EB16-7AE5-41FC-A25C-A0A14D977272}.Release|Any CPU.Build.0 = Release|Any CPU
	EndGlobalSection
	GlobalSection(SolutionProperties) = preSolution
		HideSolutionNode = FALSE
	EndGlobalSection
	GlobalSection(ExtensibilityGlobals) = postSolution
		SolutionGuid = {5D53B4C7-207A-43BA-97BD-855E52C275CA}
	EndGlobalSection
EndGlobal
